
Microsoft Visual Studio Solution File, Format Version 12.00
# Visual Studio Version 17
VisualStudioVersion = 17.0.31903.59
MinimumVisualStudioVersion = 10.0.40219.1
Project("{2150E333-8FDC-42A3-9474-1A3956D46DE8}") = "src", "src", "{A28C3BE2-B098-47C0-9753-F07B4ABE2C53}"
EndProject
Project("{FAE04EC0-301F-11D3-BF4B-00C04F79EFBC}") = "API", "src\API\API.csproj", "{4FBE29EE-63E8-40CE-9691-8BEC2DD1544C}"
EndProject
Project("{2150E333-8FDC-42A3-9474-1A3956D46DE8}") = "test", "test", "{8D5864E9-8AC1-4B36-8E0D-DFFE78C6310F}"
EndProject
Project("{FAE04EC0-301F-11D3-BF4B-00C04F79EFBC}") = "API.tests", "test\API.tests\API.tests.csproj", "{8520101E-AE54-49D3-94C5-FA952602CB9C}"
EndProject
Global
	GlobalSection(SolutionConfigurationPlatforms) = preSolution
		Debug|Any CPU = Debug|Any CPU
		Release|Any CPU = Release|Any CPU
	EndGlobalSection
	GlobalSection(SolutionProperties) = preSolution
		HideSolutionNode = FALSE
	EndGlobalSection
	GlobalSection(ProjectConfigurationPlatforms) = postSolution
		{4FBE29EE-63E8-40CE-9691-8BEC2DD1544C}.Debug|Any CPU.ActiveCfg = Debug|Any CPU
		{4FBE29EE-63E8-40CE-9691-8BEC2DD1544C}.Debug|Any CPU.Build.0 = Debug|Any CPU
		{4FBE29EE-63E8-40CE-9691-8BEC2DD1544C}.Release|Any CPU.ActiveCfg = Release|Any CPU
		{4FBE29EE-63E8-40CE-9691-8BEC2DD1544C}.Release|Any CPU.Build.0 = Release|Any CPU
		{8520101E-AE54-49D3-94C5-FA952602CB9C}.Debug|Any CPU.ActiveCfg = Debug|Any CPU
		{8520101E-AE54-49D3-94C5-FA952602CB9C}.Debug|Any CPU.Build.0 = Debug|Any CPU
		{8520101E-AE54-49D3-94C5-FA952602CB9C}.Release|Any CPU.ActiveCfg = Release|Any CPU
		{8520101E-AE54-49D3-94C5-FA952602CB9C}.Release|Any CPU.Build.0 = Release|Any CPU
	EndGlobalSection
	GlobalSection(NestedProjects) = preSolution
		{4FBE29EE-63E8-40CE-9691-8BEC2DD1544C} = {A28C3BE2-B098-47C0-9753-F07B4ABE2C53}
		{8520101E-AE54-49D3-94C5-FA952602CB9C} = {8D5864E9-8AC1-4B36-8E0D-DFFE78C6310F}
	EndGlobalSection
EndGlobal
